Microsoft Visual Studio Solution File, Format Version 12.00
# Visual Studio 14
Project("{8BC9CEB8-8B4A-11D0-8D11-00A0C91BC942}") = "ALL_BUILD", "ALL_BUILD.vcxproj", "{5A650643-3A5F-352C-A4CA-D1CA5B666436}"
	ProjectSection(ProjectDependencies) = postProject
		{2554112F-DBD7-328F-9DE5-5AABCBEB71EE} = {2554112F-DBD7-328F-9DE5-5AABCBEB71EE}
		{78056273-E9AF-31E9-8831-E97E267BE447} = {78056273-E9AF-31E9-8831-E97E267BE447}
		{61390717-BC02-35B4-B233-4DBC7F4D2903} = {61390717-BC02-35B4-B233-4DBC7F4D2903}
		{D3546E29-BFE7-36CB-A459-379FA7F6ADDD} = {D3546E29-BFE7-36CB-A459-379FA7F6ADDD}
		{A0F45121-F6A2-3B1C-A9E0-C61235405063} = {A0F45121-F6A2-3B1C-A9E0-C61235405063}
		{BBFF1D5A-E0E5-32EB-BEFD-EC836656EA05} = {BBFF1D5A-E0E5-32EB-BEFD-EC836656EA05}
		{ACAF66E1-024C-3774-92DF-EE4A3120B216} = {ACAF66E1-024C-3774-92DF-EE4A3120B216}
		{10019D5F-08CA-375A-94E0-2B7E1CA372F8} = {10019D5F-08CA-375A-94E0-2B7E1CA372F8}
		{597CCF86-9D8E-32FB-93A0-CE055B56084B} = {597CCF86-9D8E-32FB-93A0-CE055B56084B}
		{35306A28-AF87-3EB7-ABAF-24BCF88EE664} = {35306A28-AF87-3EB7-ABAF-24BCF88EE664}
		{5FB5B60E-E33D-3EE5-81AA-025DD1AB961E} = {5FB5B60E-E33D-3EE5-81AA-025DD1AB961E}
		{4C2E8E08-0DEC-3FF3-B486-B466711FD068} = {4C2E8E08-0DEC-3FF3-B486-B466711FD068}
		{2A0FFC66-C40B-3A00-A570-36010C4774C2} = {2A0FFC66-C40B-3A00-A570-36010C4774C2}
		{1BC1C16D-46BB-30D6-BC16-CB9E68E74E5E} = {1BC1C16D-46BB-30D6-BC16-CB9E68E74E5E}
		{9929F1D7-CDC6-3499-BECA-11FB416AB1C5} = {9929F1D7-CDC6-3499-BECA-11FB416AB1C5}
		{2D605895-DC21-3722-9BFA-7B9F6B17C0CA} = {2D605895-DC21-3722-9BFA-7B9F6B17C0CA}
		{B5F230C6-CA5C-30A4-82AD-B61CB9A1843E} = {B5F230C6-CA5C-30A4-82AD-B61CB9A1843E}
		{4B67E713-E8A1-3BD9-BD52-F4D3E63484FE} = {4B67E713-E8A1-3BD9-BD52-F4D3E63484FE}
		{74C989EA-47AE-3D5D-8ECB-C5BAEC27AE42} = {74C989EA-47AE-3D5D-8ECB-C5BAEC27AE42}
		{CCA593BE-3F45-3AE7-88C7-DCE2AD090334} = {CCA593BE-3F45-3AE7-88C7-DCE2AD090334}
		{2283E532-B629-34B6-AF5A-9FC7F8417B73} = {2283E532-B629-34B6-AF5A-9FC7F8417B73}
		{37FCE600-1DF4-33AD-9296-5C09D0A1184D} = {37FCE600-1DF4-33AD-9296-5C09D0A1184D}
		{6F81F08B-5CBD-3A6B-8059-D54ADB15F990} = {6F81F08B-5CBD-3A6B-8059-D54ADB15F990}
		{D69F037E-6D78-3F72-948C-461A9999B9A0} = {D69F037E-6D78-3F72-948C-461A9999B9A0}
		{17086C43-EB75-3760-866B-F627117BB7CD} = {17086C43-EB75-3760-866B-F627117BB7CD}
		{42FDF70B-E4EC-3E22-8AE1-B60BE2FAAF49} = {42FDF70B-E4EC-3E22-8AE1-B60BE2FAAF49}
		{06465713-AB11-3D8E-BD3A-D075E76203BF} = {06465713-AB11-3D8E-BD3A-D075E76203BF}
		{C0C2F83A-3C85-39D1-9FB8-CE7944817898} = {C0C2F83A-3C85-39D1-9FB8-CE7944817898}
	EndProjectSection
EndProject
Project("{8BC9CEB8-8B4A-11D0-8D11-00A0C91BC942}") = "Continuous", "Continuous.vcxproj", "{EF89E198-7638-3C91-8D92-9C37E0011866}"
	ProjectSection(ProjectDependencies) = postProject
		{2554112F-DBD7-328F-9DE5-5AABCBEB71EE} = {2554112F-DBD7-328F-9DE5-5AABCBEB71EE}
	EndProjectSection
EndProject
Project("{8BC9CEB8-8B4A-11D0-8D11-00A0C91BC942}") = "Experimental", "Experimental.vcxproj", "{30449BE5-A28E-32BF-B028-4ADFB06A7F5F}"
	ProjectSection(ProjectDependencies) = postProject
		{2554112F-DBD7-328F-9DE5-5AABCBEB71EE} = {2554112F-DBD7-328F-9DE5-5AABCBEB71EE}
	EndProjectSection
EndProject
Project("{8BC9CEB8-8B4A-11D0-8D11-00A0C91BC942}") = "INSTALL", "INSTALL.vcxproj", "{F73633D0-BED5-37FC-B8CA-7F74B9C8C9B6}"
	ProjectSection(ProjectDependencies) = postProject
		{5A650643-3A5F-352C-A4CA-D1CA5B666436} = {5A650643-3A5F-352C-A4CA-D1CA5B666436}
		{2554112F-DBD7-328F-9DE5-5AABCBEB71EE} = {2554112F-DBD7-328F-9DE5-5AABCBEB71EE}
	EndProjectSection
EndProject
Project("{8BC9CEB8-8B4A-11D0-8D11-00A0C91BC942}") = "Nightly", "Nightly.vcxproj", "{B8458296-1146-39A0-A599-3EEE4C86DEF4}"
	ProjectSection(ProjectDependencies) = postProject
		{2554112F-DBD7-328F-9DE5-5AABCBEB71EE} = {2554112F-DBD7-328F-9DE5-5AABCBEB71EE}
	EndProjectSection
EndProject
Project("{8BC9CEB8-8B4A-11D0-8D11-00A0C91BC942}") = "NightlyMemoryCheck", "NightlyMemoryCheck.vcxproj", "{09F536A8-5A5B-3EA6-AE9E-B0FDE1A45080}"
	ProjectSection(ProjectDependencies) = postProject
		{2554112F-DBD7-328F-9DE5-5AABCBEB71EE} = {2554112F-DBD7-328F-9DE5-5AABCBEB71EE}
	EndProjectSection
EndProject
Project("{8BC9CEB8-8B4A-11D0-8D11-00A0C91BC942}") = "RUN_TESTS", "RUN_TESTS.vcxproj", "{92585293-75DD-3733-95E3-F1B76E1F46CF}"
	ProjectSection(ProjectDependencies) = postProject
		{2554112F-DBD7-328F-9DE5-5AABCBEB71EE} = {2554112F-DBD7-328F-9DE5-5AABCBEB71EE}
	EndProjectSection
EndProject
Project("{8BC9CEB8-8B4A-11D0-8D11-00A0C91BC942}") = "ZERO_CHECK", "ZERO_CHECK.vcxproj", "{2554112F-DBD7-328F-9DE5-5AABCBEB71EE}"
	ProjectSection(ProjectDependencies) = postProject
	EndProjectSection
EndProject
Project("{8BC9CEB8-8B4A-11D0-8D11-00A0C91BC942}") = "bench", "bench.vcxproj", "{78056273-E9AF-31E9-8831-E97E267BE447}"
	ProjectSection(ProjectDependencies) = postProject
		{2554112F-DBD7-328F-9DE5-5AABCBEB71EE} = {2554112F-DBD7-328F-9DE5-5AABCBEB71EE}
		{10019D5F-08CA-375A-94E0-2B7E1CA372F8} = {10019D5F-08CA-375A-94E0-2B7E1CA372F8}
		{597CCF86-9D8E-32FB-93A0-CE055B56084B} = {597CCF86-9D8E-32FB-93A0-CE055B56084B}
	EndProjectSection
EndProject
Project("{8BC9CEB8-8B4A-11D0-8D11-00A0C91BC942}") = "bench_cascade", "bench_cascade.vcxproj", "{61390717-BC02-35B4-B233-4DBC7F4D2903}"
	ProjectSection(ProjectDependencies) = postProject
		{2554112F-DBD7-328F-9DE5-5AABCBEB71EE} = {2554112F-DBD7-328F-9DE5-5AABCBEB71EE}
		{10019D5F-08CA-375A-94E0-2B7E1CA372F8} = {10019D5F-08CA-375A-94E0-2B7E1CA372F8}
		{597CCF86-9D8E-32FB-93A0-CE055B56084B} = {597CCF86-9D8E-32FB-93A0-CE055B56084B}
	EndProjectSection
EndProject
Project("{8BC9CEB8-8B4A-11D0-8D11-00A0C91BC942}") = "bench_http", "bench_http.vcxproj", "{D3546E29-BFE7-36CB-A459-379FA7F6ADDD}"
	ProjectSection(ProjectDependencies) = postProject
		{2554112F-DBD7-328F-9DE5-5AABCBEB71EE} = {2554112F-DBD7-328F-9DE5-5AABCBEB71EE}
		{10019D5F-08CA-375A-94E0-2B7E1CA372F8} = {10019D5F-08CA-375A-94E0-2B7E1CA372F8}
		{597CCF86-9D8E-32FB-93A0-CE055B56084B} = {597CCF86-9D8E-32FB-93A0-CE055B56084B}
	EndProjectSection
EndProject
Project("{8BC9CEB8-8B4A-11D0-8D11-00A0C91BC942}") = "bench_httpclient", "bench_httpclient.vcxproj", "{A0F45121-F6A2-3B1C-A9E0-C61235405063}"
	ProjectSection(ProjectDependencies) = postProject
		{2554112F-DBD7-328F-9DE5-5AABCBEB71EE} = {2554112F-DBD7-328F-9DE5-5AABCBEB71EE}
		{10019D5F-08CA-375A-94E0-2B7E1CA372F8} = {10019D5F-08CA-375A-94E0-2B7E1CA372F8}
		{597CCF86-9D8E-32FB-93A0-CE055B56084B} = {597CCF86-9D8E-32FB-93A0-CE055B56084B}
	EndProjectSection
EndProject
Project("{8BC9CEB8-8B4A-11D0-8D11-00A0C91BC942}") = "dns-example", "dns-example.vcxproj", "{BBFF1D5A-E0E5-32EB-BEFD-EC836656EA05}"
	ProjectSection(ProjectDependencies) = postProject
		{2554112F-DBD7-328F-9DE5-5AABCBEB71EE} = {2554112F-DBD7-328F-9DE5-5AABCBEB71EE}
		{10019D5F-08CA-375A-94E0-2B7E1CA372F8} = {10019D5F-08CA-375A-94E0-2B7E1CA372F8}
		{597CCF86-9D8E-32FB-93A0-CE055B56084B} = {597CCF86-9D8E-32FB-93A0-CE055B56084B}
	EndProjectSection
EndProject
Project("{8BC9CEB8-8B4A-11D0-8D11-00A0C91BC942}") = "event-read-fifo", "event-read-fifo.vcxproj", "{ACAF66E1-024C-3774-92DF-EE4A3120B216}"
	ProjectSection(ProjectDependencies) = postProject
		{2554112F-DBD7-328F-9DE5-5AABCBEB71EE} = {2554112F-DBD7-328F-9DE5-5AABCBEB71EE}
		{10019D5F-08CA-375A-94E0-2B7E1CA372F8} = {10019D5F-08CA-375A-94E0-2B7E1CA372F8}
		{597CCF86-9D8E-32FB-93A0-CE055B56084B} = {597CCF86-9D8E-32FB-93A0-CE055B56084B}
	EndProjectSection
EndProject
Project("{8BC9CEB8-8B4A-11D0-8D11-00A0C91BC942}") = "event_core_shared", "event_core_shared.vcxproj", "{10019D5F-08CA-375A-94E0-2B7E1CA372F8}"
	ProjectSection(ProjectDependencies) = postProject
		{2554112F-DBD7-328F-9DE5-5AABCBEB71EE} = {2554112F-DBD7-328F-9DE5-5AABCBEB71EE}
	EndProjectSection
EndProject
Project("{8BC9CEB8-8B4A-11D0-8D11-00A0C91BC942}") = "event_extra_shared", "event_extra_shared.vcxproj", "{597CCF86-9D8E-32FB-93A0-CE055B56084B}"
	ProjectSection(ProjectDependencies) = postProject
		{2554112F-DBD7-328F-9DE5-5AABCBEB71EE} = {2554112F-DBD7-328F-9DE5-5AABCBEB71EE}
		{10019D5F-08CA-375A-94E0-2B7E1CA372F8} = {10019D5F-08CA-375A-94E0-2B7E1CA372F8}
	EndProjectSection
EndProject
Project("{8BC9CEB8-8B4A-11D0-8D11-00A0C91BC942}") = "event_openssl_shared", "event_openssl_shared.vcxproj", "{35306A28-AF87-3EB7-ABAF-24BCF88EE664}"
	ProjectSection(ProjectDependencies) = postProject
		{2554112F-DBD7-328F-9DE5-5AABCBEB71EE} = {2554112F-DBD7-328F-9DE5-5AABCBEB71EE}
		{10019D5F-08CA-375A-94E0-2B7E1CA372F8} = {10019D5F-08CA-375A-94E0-2B7E1CA372F8}
	EndProjectSection
EndProject
Project("{8BC9CEB8-8B4A-11D0-8D11-00A0C91BC942}") = "event_shared", "event_shared.vcxproj", "{5FB5B60E-E33D-3EE5-81AA-025DD1AB961E}"
	ProjectSection(ProjectDependencies) = postProject
		{2554112F-DBD7-328F-9DE5-5AABCBEB71EE} = {2554112F-DBD7-328F-9DE5-5AABCBEB71EE}
		{10019D5F-08CA-375A-94E0-2B7E1CA372F8} = {10019D5F-08CA-375A-94E0-2B7E1CA372F8}
	EndProjectSection
EndProject
Project("{8BC9CEB8-8B4A-11D0-8D11-00A0C91BC942}") = "hello-world", "hello-world.vcxproj", "{4C2E8E08-0DEC-3FF3-B486-B466711FD068}"
	ProjectSection(ProjectDependencies) = postProject
		{2554112F-DBD7-328F-9DE5-5AABCBEB71EE} = {2554112F-DBD7-328F-9DE5-5AABCBEB71EE}
		{10019D5F-08CA-375A-94E0-2B7E1CA372F8} = {10019D5F-08CA-375A-94E0-2B7E1CA372F8}
		{597CCF86-9D8E-32FB-93A0-CE055B56084B} = {597CCF86-9D8E-32FB-93A0-CE055B56084B}
	EndProjectSection
EndProject
Project("{8BC9CEB8-8B4A-11D0-8D11-00A0C91BC942}") = "http-connect", "http-connect.vcxproj", "{2A0FFC66-C40B-3A00-A570-36010C4774C2}"
	ProjectSection(ProjectDependencies) = postProject
		{2554112F-DBD7-328F-9DE5-5AABCBEB71EE} = {2554112F-DBD7-328F-9DE5-5AABCBEB71EE}
		{10019D5F-08CA-375A-94E0-2B7E1CA372F8} = {10019D5F-08CA-375A-94E0-2B7E1CA372F8}
		{597CCF86-9D8E-32FB-93A0-CE055B56084B} = {597CCF86-9D8E-32FB-93A0-CE055B56084B}
	EndProjectSection
EndProject
Project("{8BC9CEB8-8B4A-11D0-8D11-00A0C91BC942}") = "http-server", "http-server.vcxproj", "{1BC1C16D-46BB-30D6-BC16-CB9E68E74E5E}"
	ProjectSection(ProjectDependencies) = postProject
		{2554112F-DBD7-328F-9DE5-5AABCBEB71EE} = {2554112F-DBD7-328F-9DE5-5AABCBEB71EE}
		{10019D5F-08CA-375A-94E0-2B7E1CA372F8} = {10019D5F-08CA-375A-94E0-2B7E1CA372F8}
		{597CCF86-9D8E-32FB-93A0-CE055B56084B} = {597CCF86-9D8E-32FB-93A0-CE055B56084B}
	EndProjectSection
EndProject
Project("{8BC9CEB8-8B4A-11D0-8D11-00A0C91BC942}") = "https-client", "https-client.vcxproj", "{9929F1D7-CDC6-3499-BECA-11FB416AB1C5}"
	ProjectSection(ProjectDependencies) = postProject
		{2554112F-DBD7-328F-9DE5-5AABCBEB71EE} = {2554112F-DBD7-328F-9DE5-5AABCBEB71EE}
		{10019D5F-08CA-375A-94E0-2B7E1CA372F8} = {10019D5F-08CA-375A-94E0-2B7E1CA372F8}
		{597CCF86-9D8E-32FB-93A0-CE055B56084B} = {597CCF86-9D8E-32FB-93A0-CE055B56084B}
		{35306A28-AF87-3EB7-ABAF-24BCF88EE664} = {35306A28-AF87-3EB7-ABAF-24BCF88EE664}
	EndProjectSection
EndProject
Project("{8BC9CEB8-8B4A-11D0-8D11-00A0C91BC942}") = "le-proxy", "le-proxy.vcxproj", "{2D605895-DC21-3722-9BFA-7B9F6B17C0CA}"
	ProjectSection(ProjectDependencies) = postProject
		{2554112F-DBD7-328F-9DE5-5AABCBEB71EE} = {2554112F-DBD7-328F-9DE5-5AABCBEB71EE}
		{10019D5F-08CA-375A-94E0-2B7E1CA372F8} = {10019D5F-08CA-375A-94E0-2B7E1CA372F8}
		{597CCF86-9D8E-32FB-93A0-CE055B56084B} = {597CCF86-9D8E-32FB-93A0-CE055B56084B}
		{35306A28-AF87-3EB7-ABAF-24BCF88EE664} = {35306A28-AF87-3EB7-ABAF-24BCF88EE664}
	EndProjectSection
EndProject
Project("{8BC9CEB8-8B4A-11D0-8D11-00A0C91BC942}") = "regress", "regress.vcxproj", "{B5F230C6-CA5C-30A4-82AD-B61CB9A1843E}"
	ProjectSection(ProjectDependencies) = postProject
		{2554112F-DBD7-328F-9DE5-5AABCBEB71EE} = {2554112F-DBD7-328F-9DE5-5AABCBEB71EE}
		{10019D5F-08CA-375A-94E0-2B7E1CA372F8} = {10019D5F-08CA-375A-94E0-2B7E1CA372F8}
		{597CCF86-9D8E-32FB-93A0-CE055B56084B} = {597CCF86-9D8E-32FB-93A0-CE055B56084B}
		{35306A28-AF87-3EB7-ABAF-24BCF88EE664} = {35306A28-AF87-3EB7-ABAF-24BCF88EE664}
	EndProjectSection
EndProject
Project("{8BC9CEB8-8B4A-11D0-8D11-00A0C91BC942}") = "signal-test", "signal-test.vcxproj", "{4B67E713-E8A1-3BD9-BD52-F4D3E63484FE}"
	ProjectSection(ProjectDependencies) = postProject
		{2554112F-DBD7-328F-9DE5-5AABCBEB71EE} = {2554112F-DBD7-328F-9DE5-5AABCBEB71EE}
		{10019D5F-08CA-375A-94E0-2B7E1CA372F8} = {10019D5F-08CA-375A-94E0-2B7E1CA372F8}
		{597CCF86-9D8E-32FB-93A0-CE055B56084B} = {597CCF86-9D8E-32FB-93A0-CE055B56084B}
	EndProjectSection
EndProject
Project("{8BC9CEB8-8B4A-11D0-8D11-00A0C91BC942}") = "test-changelist", "test-changelist.vcxproj", "{74C989EA-47AE-3D5D-8ECB-C5BAEC27AE42}"
	ProjectSection(ProjectDependencies) = postProject
		{2554112F-DBD7-328F-9DE5-5AABCBEB71EE} = {2554112F-DBD7-328F-9DE5-5AABCBEB71EE}
		{10019D5F-08CA-375A-94E0-2B7E1CA372F8} = {10019D5F-08CA-375A-94E0-2B7E1CA372F8}
		{597CCF86-9D8E-32FB-93A0-CE055B56084B} = {597CCF86-9D8E-32FB-93A0-CE055B56084B}
	EndProjectSection
EndProject
Project("{8BC9CEB8-8B4A-11D0-8D11-00A0C91BC942}") = "test-closed", "test-closed.vcxproj", "{CCA593BE-3F45-3AE7-88C7-DCE2AD090334}"
	ProjectSection(ProjectDependencies) = postProject
		{2554112F-DBD7-328F-9DE5-5AABCBEB71EE} = {2554112F-DBD7-328F-9DE5-5AABCBEB71EE}
		{10019D5F-08CA-375A-94E0-2B7E1CA372F8} = {10019D5F-08CA-375A-94E0-2B7E1CA372F8}
		{597CCF86-9D8E-32FB-93A0-CE055B56084B} = {597CCF86-9D8E-32FB-93A0-CE055B56084B}
	EndProjectSection
EndProject
Project("{8BC9CEB8-8B4A-11D0-8D11-00A0C91BC942}") = "test-dumpevents", "test-dumpevents.vcxproj", "{2283E532-B629-34B6-AF5A-9FC7F8417B73}"
	ProjectSection(ProjectDependencies) = postProject
		{2554112F-DBD7-328F-9DE5-5AABCBEB71EE} = {2554112F-DBD7-328F-9DE5-5AABCBEB71EE}
		{10019D5F-08CA-375A-94E0-2B7E1CA372F8} = {10019D5F-08CA-375A-94E0-2B7E1CA372F8}
		{597CCF86-9D8E-32FB-93A0-CE055B56084B} = {597CCF86-9D8E-32FB-93A0-CE055B56084B}
	EndProjectSection
EndProject
Project("{8BC9CEB8-8B4A-11D0-8D11-00A0C91BC942}") = "test-eof", "test-eof.vcxproj", "{37FCE600-1DF4-33AD-9296-5C09D0A1184D}"
	ProjectSection(ProjectDependencies) = postProject
		{2554112F-DBD7-328F-9DE5-5AABCBEB71EE} = {2554112F-DBD7-328F-9DE5-5AABCBEB71EE}
		{10019D5F-08CA-375A-94E0-2B7E1CA372F8} = {10019D5F-08CA-375A-94E0-2B7E1CA372F8}
		{597CCF86-9D8E-32FB-93A0-CE055B56084B} = {597CCF86-9D8E-32FB-93A0-CE055B56084B}
	EndProjectSection
EndProject
Project("{8BC9CEB8-8B4A-11D0-8D11-00A0C91BC942}") = "test-fdleak", "test-fdleak.vcxproj", "{6F81F08B-5CBD-3A6B-8059-D54ADB15F990}"
	ProjectSection(ProjectDependencies) = postProject
		{2554112F-DBD7-328F-9DE5-5AABCBEB71EE} = {2554112F-DBD7-328F-9DE5-5AABCBEB71EE}
		{10019D5F-08CA-375A-94E0-2B7E1CA372F8} = {10019D5F-08CA-375A-94E0-2B7E1CA372F8}
		{597CCF86-9D8E-32FB-93A0-CE055B56084B} = {597CCF86-9D8E-32FB-93A0-CE055B56084B}
	EndProjectSection
EndProject
Project("{8BC9CEB8-8B4A-11D0-8D11-00A0C91BC942}") = "test-init", "test-init.vcxproj", "{D69F037E-6D78-3F72-948C-461A9999B9A0}"
	ProjectSection(ProjectDependencies) = postProject
		{2554112F-DBD7-328F-9DE5-5AABCBEB71EE} = {2554112F-DBD7-328F-9DE5-5AABCBEB71EE}
		{10019D5F-08CA-375A-94E0-2B7E1CA372F8} = {10019D5F-08CA-375A-94E0-2B7E1CA372F8}
		{597CCF86-9D8E-32FB-93A0-CE055B56084B} = {597CCF86-9D8E-32FB-93A0-CE055B56084B}
	EndProjectSection
EndProject
Project("{8BC9CEB8-8B4A-11D0-8D11-00A0C91BC942}") = "test-ratelim", "test-ratelim.vcxproj", "{17086C43-EB75-3760-866B-F627117BB7CD}"
	ProjectSection(ProjectDependencies) = postProject
		{2554112F-DBD7-328F-9DE5-5AABCBEB71EE} = {2554112F-DBD7-328F-9DE5-5AABCBEB71EE}
		{10019D5F-08CA-375A-94E0-2B7E1CA372F8} = {10019D5F-08CA-375A-94E0-2B7E1CA372F8}
		{597CCF86-9D8E-32FB-93A0-CE055B56084B} = {597CCF86-9D8E-32FB-93A0-CE055B56084B}
	EndProjectSection
EndProject
Project("{8BC9CEB8-8B4A-11D0-8D11-00A0C91BC942}") = "test-time", "test-time.vcxproj", "{42FDF70B-E4EC-3E22-8AE1-B60BE2FAAF49}"
	ProjectSection(ProjectDependencies) = postProject
		{2554112F-DBD7-328F-9DE5-5AABCBEB71EE} = {2554112F-DBD7-328F-9DE5-5AABCBEB71EE}
		{10019D5F-08CA-375A-94E0-2B7E1CA372F8} = {10019D5F-08CA-375A-94E0-2B7E1CA372F8}
		{597CCF86-9D8E-32FB-93A0-CE055B56084B} = {597CCF86-9D8E-32FB-93A0-CE055B56084B}
	EndProjectSection
EndProject
Project("{8BC9CEB8-8B4A-11D0-8D11-00A0C91BC942}") = "test-weof", "test-weof.vcxproj", "{06465713-AB11-3D8E-BD3A-D075E76203BF}"
	ProjectSection(ProjectDependencies) = postProject
		{2554112F-DBD7-328F-9DE5-5AABCBEB71EE} = {2554112F-DBD7-328F-9DE5-5AABCBEB71EE}
		{10019D5F-08CA-375A-94E0-2B7E1CA372F8} = {10019D5F-08CA-375A-94E0-2B7E1CA372F8}
		{597CCF86-9D8E-32FB-93A0-CE055B56084B} = {597CCF86-9D8E-32FB-93A0-CE055B56084B}
	EndProjectSection
EndProject
Project("{8BC9CEB8-8B4A-11D0-8D11-00A0C91BC942}") = "time-test", "time-test.vcxproj", "{C0C2F83A-3C85-39D1-9FB8-CE7944817898}"
	ProjectSection(ProjectDependencies) = postProject
		{2554112F-DBD7-328F-9DE5-5AABCBEB71EE} = {2554112F-DBD7-328F-9DE5-5AABCBEB71EE}
		{10019D5F-08CA-375A-94E0-2B7E1CA372F8} = {10019D5F-08CA-375A-94E0-2B7E1CA372F8}
		{597CCF86-9D8E-32FB-93A0-CE055B56084B} = {597CCF86-9D8E-32FB-93A0-CE055B56084B}
	EndProjectSection
EndProject
Project("{8BC9CEB8-8B4A-11D0-8D11-00A0C91BC942}") = "uninstall", "uninstall.vcxproj", "{04B9FEA4-9ADC-3402-90BB-A1877445FB6C}"
	ProjectSection(ProjectDependencies) = postProject
		{2554112F-DBD7-328F-9DE5-5AABCBEB71EE} = {2554112F-DBD7-328F-9DE5-5AABCBEB71EE}
	EndProjectSection
EndProject
Project("{8BC9CEB8-8B4A-11D0-8D11-00A0C91BC942}") = "verify", "verify.vcxproj", "{38C5CAA7-631D-3438-B31E-D6EAEA7382D7}"
	ProjectSection(ProjectDependencies) = postProject
		{2554112F-DBD7-328F-9DE5-5AABCBEB71EE} = {2554112F-DBD7-328F-9DE5-5AABCBEB71EE}
		{B5F230C6-CA5C-30A4-82AD-B61CB9A1843E} = {B5F230C6-CA5C-30A4-82AD-B61CB9A1843E}
		{74C989EA-47AE-3D5D-8ECB-C5BAEC27AE42} = {74C989EA-47AE-3D5D-8ECB-C5BAEC27AE42}
		{CCA593BE-3F45-3AE7-88C7-DCE2AD090334} = {CCA593BE-3F45-3AE7-88C7-DCE2AD090334}
		{2283E532-B629-34B6-AF5A-9FC7F8417B73} = {2283E532-B629-34B6-AF5A-9FC7F8417B73}
		{37FCE600-1DF4-33AD-9296-5C09D0A1184D} = {37FCE600-1DF4-33AD-9296-5C09D0A1184D}
		{6F81F08B-5CBD-3A6B-8059-D54ADB15F990} = {6F81F08B-5CBD-3A6B-8059-D54ADB15F990}
		{D69F037E-6D78-3F72-948C-461A9999B9A0} = {D69F037E-6D78-3F72-948C-461A9999B9A0}
		{17086C43-EB75-3760-866B-F627117BB7CD} = {17086C43-EB75-3760-866B-F627117BB7CD}
		{42FDF70B-E4EC-3E22-8AE1-B60BE2FAAF49} = {42FDF70B-E4EC-3E22-8AE1-B60BE2FAAF49}
		{06465713-AB11-3D8E-BD3A-D075E76203BF} = {06465713-AB11-3D8E-BD3A-D075E76203BF}
	EndProjectSection
EndProject
Global
	GlobalSection(SolutionConfigurationPlatforms) = preSolution
		Debug|Win32 = Debug|Win32
		Release|Win32 = Release|Win32
	EndGlobalSection
	GlobalSection(ProjectConfigurationPlatforms) = postSolution
		{5A650643-3A5F-352C-A4CA-D1CA5B666436}.Debug|Win32.ActiveCfg = Debug|Win32
		{5A650643-3A5F-352C-A4CA-D1CA5B666436}.Debug|Win32.Build.0 = Debug|Win32
		{5A650643-3A5F-352C-A4CA-D1CA5B666436}.Release|Win32.ActiveCfg = Release|Win32
		{5A650643-3A5F-352C-A4CA-D1CA5B666436}.Release|Win32.Build.0 = Release|Win32
		{EF89E198-7638-3C91-8D92-9C37E0011866}.Debug|Win32.ActiveCfg = Debug|Win32
		{EF89E198-7638-3C91-8D92-9C37E0011866}.Release|Win32.ActiveCfg = Release|Win32
		{30449BE5-A28E-32BF-B028-4ADFB06A7F5F}.Debug|Win32.ActiveCfg = Debug|Win32
		{30449BE5-A28E-32BF-B028-4ADFB06A7F5F}.Release|Win32.ActiveCfg = Release|Win32
		{F73633D0-BED5-37FC-B8CA-7F74B9C8C9B6}.Debug|Win32.ActiveCfg = Debug|Win32
		{F73633D0-BED5-37FC-B8CA-7F74B9C8C9B6}.Release|Win32.ActiveCfg = Release|Win32
		{B8458296-1146-39A0-A599-3EEE4C86DEF4}.Debug|Win32.ActiveCfg = Debug|Win32
		{B8458296-1146-39A0-A599-3EEE4C86DEF4}.Release|Win32.ActiveCfg = Release|Win32
		{09F536A8-5A5B-3EA6-AE9E-B0FDE1A45080}.Debug|Win32.ActiveCfg = Debug|Win32
		{09F536A8-5A5B-3EA6-AE9E-B0FDE1A45080}.Release|Win32.ActiveCfg = Release|Win32
		{92585293-75DD-3733-95E3-F1B76E1F46CF}.Debug|Win32.ActiveCfg = Debug|Win32
		{92585293-75DD-3733-95E3-F1B76E1F46CF}.Release|Win32.ActiveCfg = Release|Win32
		{2554112F-DBD7-328F-9DE5-5AABCBEB71EE}.Debug|Win32.ActiveCfg = Debug|Win32
		{2554112F-DBD7-328F-9DE5-5AABCBEB71EE}.Debug|Win32.Build.0 = Debug|Win32
		{2554112F-DBD7-328F-9DE5-5AABCBEB71EE}.Release|Win32.ActiveCfg = Release|Win32
		{2554112F-DBD7-328F-9DE5-5AABCBEB71EE}.Release|Win32.Build.0 = Release|Win32
		{78056273-E9AF-31E9-8831-E97E267BE447}.Debug|Win32.ActiveCfg = Debug|Win32
		{78056273-E9AF-31E9-8831-E97E267BE447}.Debug|Win32.Build.0 = Debug|Win32
		{78056273-E9AF-31E9-8831-E97E267BE447}.Release|Win32.ActiveCfg = Release|Win32
		{78056273-E9AF-31E9-8831-E97E267BE447}.Release|Win32.Build.0 = Release|Win32
		{61390717-BC02-35B4-B233-4DBC7F4D2903}.Debug|Win32.ActiveCfg = Debug|Win32
		{61390717-BC02-35B4-B233-4DBC7F4D2903}.Debug|Win32.Build.0 = Debug|Win32
		{61390717-BC02-35B4-B233-4DBC7F4D2903}.Release|Win32.ActiveCfg = Release|Win32
		{61390717-BC02-35B4-B233-4DBC7F4D2903}.Release|Win32.Build.0 = Release|Win32
		{D3546E29-BFE7-36CB-A459-379FA7F6ADDD}.Debug|Win32.ActiveCfg = Debug|Win32
		{D3546E29-BFE7-36CB-A459-379FA7F6ADDD}.Debug|Win32.Build.0 = Debug|Win32
		{D3546E29-BFE7-36CB-A459-379FA7F6ADDD}.Release|Win32.ActiveCfg = Release|Win32
		{D3546E29-BFE7-36CB-A459-379FA7F6ADDD}.Release|Win32.Build.0 = Release|Win32
		{A0F45121-F6A2-3B1C-A9E0-C61235405063}.Debug|Win32.ActiveCfg = Debug|Win32
		{A0F45121-F6A2-3B1C-A9E0-C61235405063}.Debug|Win32.Build.0 = Debug|Win32
		{A0F45121-F6A2-3B1C-A9E0-C61235405063}.Release|Win32.ActiveCfg = Release|Win32
		{A0F45121-F6A2-3B1C-A9E0-C61235405063}.Release|Win32.Build.0 = Release|Win32
		{BBFF1D5A-E0E5-32EB-BEFD-EC836656EA05}.Debug|Win32.ActiveCfg = Debug|Win32
		{BBFF1D5A-E0E5-32EB-BEFD-EC836656EA05}.Debug|Win32.Build.0 = Debug|Win32
		{BBFF1D5A-E0E5-32EB-BEFD-EC836656EA05}.Release|Win32.ActiveCfg = Release|Win32
		{BBFF1D5A-E0E5-32EB-BEFD-EC836656EA05}.Release|Win32.Build.0 = Release|Win32
		{ACAF66E1-024C-3774-92DF-EE4A3120B216}.Debug|Win32.ActiveCfg = Debug|Win32
		{ACAF66E1-024C-3774-92DF-EE4A3120B216}.Debug|Win32.Build.0 = Debug|Win32
		{ACAF66E1-024C-3774-92DF-EE4A3120B216}.Release|Win32.ActiveCfg = Release|Win32
		{ACAF66E1-024C-3774-92DF-EE4A3120B216}.Release|Win32.Build.0 = Release|Win32
		{10019D5F-08CA-375A-94E0-2B7E1CA372F8}.Debug|Win32.ActiveCfg = Debug|Win32
		{10019D5F-08CA-375A-94E0-2B7E1CA372F8}.Debug|Win32.Build.0 = Debug|Win32
		{10019D5F-08CA-375A-94E0-2B7E1CA372F8}.Release|Win32.ActiveCfg = Release|Win32
		{10019D5F-08CA-375A-94E0-2B7E1CA372F8}.Release|Win32.Build.0 = Release|Win32
		{597CCF86-9D8E-32FB-93A0-CE055B56084B}.Debug|Win32.ActiveCfg = Debug|Win32
		{597CCF86-9D8E-32FB-93A0-CE055B56084B}.Debug|Win32.Build.0 = Debug|Win32
		{597CCF86-9D8E-32FB-93A0-CE055B56084B}.Release|Win32.ActiveCfg = Release|Win32
		{597CCF86-9D8E-32FB-93A0-CE055B56084B}.Release|Win32.Build.0 = Release|Win32
		{35306A28-AF87-3EB7-ABAF-24BCF88EE664}.Debug|Win32.ActiveCfg = Debug|Win32
		{35306A28-AF87-3EB7-ABAF-24BCF88EE664}.Debug|Win32.Build.0 = Debug|Win32
		{35306A28-AF87-3EB7-ABAF-24BCF88EE664}.Release|Win32.ActiveCfg = Release|Win32
		{35306A28-AF87-3EB7-ABAF-24BCF88EE664}.Release|Win32.Build.0 = Release|Win32
		{5FB5B60E-E33D-3EE5-81AA-025DD1AB961E}.Debug|Win32.ActiveCfg = Debug|Win32
		{5FB5B60E-E33D-3EE5-81AA-025DD1AB961E}.Debug|Win32.Build.0 = Debug|Win32
		{5FB5B60E-E33D-3EE5-81AA-025DD1AB961E}.Release|Win32.ActiveCfg = Release|Win32
		{5FB5B60E-E33D-3EE5-81AA-025DD1AB961E}.Release|Win32.Build.0 = Release|Win32
		{4C2E8E08-0DEC-3FF3-B486-B466711FD068}.Debug|Win32.ActiveCfg = Debug|Win32
		{4C2E8E08-0DEC-3FF3-B486-B466711FD068}.Debug|Win32.Build.0 = Debug|Win32
		{4C2E8E08-0DEC-3FF3-B486-B466711FD068}.Release|Win32.ActiveCfg = Release|Win32
		{4C2E8E08-0DEC-3FF3-B486-B466711FD068}.Release|Win32.Build.0 = Release|Win32
		{2A0FFC66-C40B-3A00-A570-36010C4774C2}.Debug|Win32.ActiveCfg = Debug|Win32
		{2A0FFC66-C40B-3A00-A570-36010C4774C2}.Debug|Win32.Build.0 = Debug|Win32
		{2A0FFC66-C40B-3A00-A570-36010C4774C2}.Release|Win32.ActiveCfg = Release|Win32
		{2A0FFC66-C40B-3A00-A570-36010C4774C2}.Release|Win32.Build.0 = Release|Win32
		{1BC1C16D-46BB-30D6-BC16-CB9E68E74E5E}.Debug|Win32.ActiveCfg = Debug|Win32
		{1BC1C16D-46BB-30D6-BC16-CB9E68E74E5E}.Debug|Win32.Build.0 = Debug|Win32
		{1BC1C16D-46BB-30D6-BC16-CB9E68E74E5E}.Release|Win32.ActiveCfg = Release|Win32
		{1BC1C16D-46BB-30D6-BC16-CB9E68E74E5E}.Release|Win32.Build.0 = Release|Win32
		{9929F1D7-CDC6-3499-BECA-11FB416AB1C5}.Debug|Win32.ActiveCfg = Debug|Win32
		{9929F1D7-CDC6-3499-BECA-11FB416AB1C5}.Debug|Win32.Build.0 = Debug|Win32
		{9929F1D7-CDC6-3499-BECA-11FB416AB1C5}.Release|Win32.ActiveCfg = Release|Win32
		{9929F1D7-CDC6-3499-BECA-11FB416AB1C5}.Release|Win32.Build.0 = Release|Win32
		{2D605895-DC21-3722-9BFA-7B9F6B17C0CA}.Debug|Win32.ActiveCfg = Debug|Win32
		{2D605895-DC21-3722-9BFA-7B9F6B17C0CA}.Debug|Win32.Build.0 = Debug|Win32
		{2D605895-DC21-3722-9BFA-7B9F6B17C0CA}.Release|Win32.ActiveCfg = Release|Win32
		{2D605895-DC21-3722-9BFA-7B9F6B17C0CA}.Release|Win32.Build.0 = Release|Win32
		{B5F230C6-CA5C-30A4-82AD-B61CB9A1843E}.Debug|Win32.ActiveCfg = Debug|Win32
		{B5F230C6-CA5C-30A4-82AD-B61CB9A1843E}.Debug|Win32.Build.0 = Debug|Win32
		{B5F230C6-CA5C-30A4-82AD-B61CB9A1843E}.Release|Win32.ActiveCfg = Release|Win32
		{B5F230C6-CA5C-30A4-82AD-B61CB9A1843E}.Release|Win32.Build.0 = Release|Win32
		{4B67E713-E8A1-3BD9-BD52-F4D3E63484FE}.Debug|Win32.ActiveCfg = Debug|Win32
		{4B67E713-E8A1-3BD9-BD52-F4D3E63484FE}.Debug|Win32.Build.0 = Debug|Win32
		{4B67E713-E8A1-3BD9-BD52-F4D3E63484FE}.Release|Win32.ActiveCfg = Release|Win32
		{4B67E713-E8A1-3BD9-BD52-F4D3E63484FE}.Release|Win32.Build.0 = Release|Win32
		{74C989EA-47AE-3D5D-8ECB-C5BAEC27AE42}.Debug|Win32.ActiveCfg = Debug|Win32
		{74C989EA-47AE-3D5D-8ECB-C5BAEC27AE42}.Debug|Win32.Build.0 = Debug|Win32
		{74C989EA-47AE-3D5D-8ECB-C5BAEC27AE42}.Release|Win32.ActiveCfg = Release|Win32
		{74C989EA-47AE-3D5D-8ECB-C5BAEC27AE42}.Release|Win32.Build.0 = Release|Win32
		{CCA593BE-3F45-3AE7-88C7-DCE2AD090334}.Debug|Win32.ActiveCfg = Debug|Win32
		{CCA593BE-3F45-3AE7-88C7-DCE2AD090334}.Debug|Win32.Build.0 = Debug|Win32
		{CCA593BE-3F45-3AE7-88C7-DCE2AD090334}.Release|Win32.ActiveCfg = Release|Win32
		{CCA593BE-3F45-3AE7-88C7-DCE2AD090334}.Release|Win32.Build.0 = Release|Win32
		{2283E532-B629-34B6-AF5A-9FC7F8417B73}.Debug|Win32.ActiveCfg = Debug|Win32
		{2283E532-B629-34B6-AF5A-9FC7F8417B73}.Debug|Win32.Build.0 = Debug|Win32
		{2283E532-B629-34B6-AF5A-9FC7F8417B73}.Release|Win32.ActiveCfg = Release|Win32
		{2283E532-B629-34B6-AF5A-9FC7F8417B73}.Release|Win32.Build.0 = Release|Win32
		{37FCE600-1DF4-33AD-9296-5C09D0A1184D}.Debug|Win32.ActiveCfg = Debug|Win32
		{37FCE600-1DF4-33AD-9296-5C09D0A1184D}.Debug|Win32.Build.0 = Debug|Win32
		{37FCE600-1DF4-33AD-9296-5C09D0A1184D}.Release|Win32.ActiveCfg = Release|Win32
		{37FCE600-1DF4-33AD-9296-5C09D0A1184D}.Release|Win32.Build.0 = Release|Win32
		{6F81F08B-5CBD-3A6B-8059-D54ADB15F990}.Debug|Win32.ActiveCfg = Debug|Win32
		{6F81F08B-5CBD-3A6B-8059-D54ADB15F990}.Debug|Win32.Build.0 = Debug|Win32
		{6F81F08B-5CBD-3A6B-8059-D54ADB15F990}.Release|Win32.ActiveCfg = Release|Win32
		{6F81F08B-5CBD-3A6B-8059-D54ADB15F990}.Release|Win32.Build.0 = Release|Win32
		{D69F037E-6D78-3F72-948C-461A9999B9A0}.Debug|Win32.ActiveCfg = Debug|Win32
		{D69F037E-6D78-3F72-948C-461A9999B9A0}.Debug|Win32.Build.0 = Debug|Win32
		{D69F037E-6D78-3F72-948C-461A9999B9A0}.Release|Win32.ActiveCfg = Release|Win32
		{D69F037E-6D78-3F72-948C-461A9999B9A0}.Release|Win32.Build.0 = Release|Win32
		{17086C43-EB75-3760-866B-F627117BB7CD}.Debug|Win32.ActiveCfg = Debug|Win32
		{17086C43-EB75-3760-866B-F627117BB7CD}.Debug|Win32.Build.0 = Debug|Win32
		{17086C43-EB75-3760-866B-F627117BB7CD}.Release|Win32.ActiveCfg = Release|Win32
		{17086C43-EB75-3760-866B-F627117BB7CD}.Release|Win32.Build.0 = Release|Win32
		{42FDF70B-E4EC-3E22-8AE1-B60BE2FAAF49}.Debug|Win32.ActiveCfg = Debug|Win32
		{42FDF70B-E4EC-3E22-8AE1-B60BE2FAAF49}.Debug|Win32.Build.0 = Debug|Win32
		{42FDF70B-E4EC-3E22-8AE1-B60BE2FAAF49}.Release|Win32.ActiveCfg = Release|Win32
		{42FDF70B-E4EC-3E22-8AE1-B60BE2FAAF49}.Release|Win32.Build.0 = Release|Win32
		{06465713-AB11-3D8E-BD3A-D075E76203BF}.Debug|Win32.ActiveCfg = Debug|Win32
		{06465713-AB11-3D8E-BD3A-D075E76203BF}.Debug|Win32.Build.0 = Debug|Win32
		{06465713-AB11-3D8E-BD3A-D075E76203BF}.Release|Win32.ActiveCfg = Release|Win32
		{06465713-AB11-3D8E-BD3A-D075E76203BF}.Release|Win32.Build.0 = Release|Win32
		{C0C2F83A-3C85-39D1-9FB8-CE7944817898}.Debug|Win32.ActiveCfg = Debug|Win32
		{C0C2F83A-3C85-39D1-9FB8-CE7944817898}.Debug|Win32.Build.0 = Debug|Win32
		{C0C2F83A-3C85-39D1-9FB8-CE7944817898}.Release|Win32.ActiveCfg = Release|Win32
		{C0C2F83A-3C85-39D1-9FB8-CE7944817898}.Release|Win32.Build.0 = Release|Win32
		{04B9FEA4-9ADC-3402-90BB-A1877445FB6C}.Debug|Win32.ActiveCfg = Debug|Win32
		{04B9FEA4-9ADC-3402-90BB-A1877445FB6C}.Release|Win32.ActiveCfg = Release|Win32
		{38C5CAA7-631D-3438-B31E-D6EAEA7382D7}.Debug|Win32.ActiveCfg = Debug|Win32
		{38C5CAA7-631D-3438-B31E-D6EAEA7382D7}.Release|Win32.ActiveCfg = Release|Win32
	EndGlobalSection
	GlobalSection(ExtensibilityGlobals) = postSolution
		SolutionGuid = {239FED7D-3074-3D97-BBDE-6091587CF1C2}
	EndGlobalSection
	GlobalSection(ExtensibilityAddIns) = postSolution
	EndGlobalSection
EndGlobal
